Microsoft Visual Studio Solution File, Format Version 12.00
# Visual Studio Version 17
VisualStudioVersion = 17.5.2.0
MinimumVisualStudioVersion = 10.0.40219.1
Project("{2150E333-8FDC-42A3-9474-1A3956D46DE8}") = "csharp", "csharp", "{B41BF331-FCCB-2ADF-CDB6-767964B34647}"
EndProject
Project("{FAE04EC0-301F-11D3-BF4B-00C04F79EFBC}") = "CalculatorApp", "csharp\CalculatorApp\CalculatorApp.csproj", "{FC70BBBF-9B82-ABDE-A640-4A18C11AF655}"
EndProject
Global
	GlobalSection(SolutionConfigurationPlatforms) = preSolution
		Debug|Any CPU = Debug|Any CPU
		Release|Any CPU = Release|Any CPU
	EndGlobalSection
	GlobalSection(ProjectConfigurationPlatforms) = postSolution
		{FC70BBBF-9B82-ABDE-A640-4A18C11AF655}.Debug|Any CPU.ActiveCfg = Debug|Any CPU
		{FC70BBBF-9B82-ABDE-A640-4A18C11AF655}.Debug|Any CPU.Build.0 = Debug|Any CPU
		{FC70BBBF-9B82-ABDE-A640-4A18C11AF655}.Release|Any CPU.ActiveCfg = Release|Any CPU
		{FC70BBBF-9B82-ABDE-A640-4A18C11AF655}.Release|Any CPU.Build.0 = Release|Any CPU
	EndGlobalSection
	GlobalSection(SolutionProperties) = preSolution
		HideSolutionNode = FALSE
	EndGlobalSection
	GlobalSection(NestedProjects) = preSolution
		{FC70BBBF-9B82-ABDE-A640-4A18C11AF655} = {B41BF331-FCCB-2ADF-CDB6-767964B34647}
	EndGlobalSection
	GlobalSection(ExtensibilityGlobals) = postSolution
		SolutionGuid = {45EAC7A3-72DB-421C-BE4B-14E7988C8278}
	EndGlobalSection
EndGlobal
